
Microsoft Visual Studio Solution File, Format Version 12.00
# Visual Studio 15
VisualStudioVersion = 15.0.27703.2000
MinimumVisualStudioVersion = 10.0.40219.1
Project("{9A19103F-16F7-4668-BE54-9A1E7A4F7556}") = "PdfSharpCoreSample", "ConsoleApp1\PdfSharpCoreSample.csproj", "{2617DDB7-5751-4509-909F-29657E9DC63B}"
EndProject
Project("{9A19103F-16F7-4668-BE54-9A1E7A4F7556}") = "MigraDocCore.DocumentObjectModel", "Library\PdfSharpCore\MigraDocCore.DocumentObjectModel\MigraDocCore.DocumentObjectModel.csproj", "{FBC1AB40-BB4C-41FC-BABF-18C6696B044B}"
EndProject
Project("{9A19103F-16F7-4668-BE54-9A1E7A4F7556}") = "MigraDocCore.Rendering", "Library\PdfSharpCore\MigraDocCore.Rendering\MigraDocCore.Rendering.csproj", "{B360F35E-B605-4D75-92C8-7144131A61DE}"
EndProject
Project("{9A19103F-16F7-4668-BE54-9A1E7A4F7556}") = "PdfSharpCore", "Library\PdfSharpCore\PdfSharpCore\PdfSharpCore.csproj", "{BD175C72-19CC-4BE9-BC56-F412D9438083}"
EndProject
Project("{9A19103F-16F7-4668-BE54-9A1E7A4F7556}") = "PdfSharpCore.Charting", "Library\PdfSharpCore\PdfSharpCore.Charting\PdfSharpCore.Charting.csproj", "{7C3A2660-80DE-4EC8-99BA-CB5CA7C4CCF6}"
EndProject
Global
	GlobalSection(SolutionConfigurationPlatforms) = preSolution
		Debug|Any CPU = Debug|Any CPU
		Release|Any CPU = Release|Any CPU
	EndGlobalSection
	GlobalSection(ProjectConfigurationPlatforms) = postSolution
		{2617DDB7-5751-4509-909F-29657E9DC63B}.Debug|Any CPU.ActiveCfg = Debug|Any CPU
		{2617DDB7-5751-4509-909F-29657E9DC63B}.Debug|Any CPU.Build.0 = Debug|Any CPU
		{2617DDB7-5751-4509-909F-29657E9DC63B}.Release|Any CPU.ActiveCfg = Release|Any CPU
		{2617DDB7-5751-4509-909F-29657E9DC63B}.Release|Any CPU.Build.0 = Release|Any CPU
		{FBC1AB40-BB4C-41FC-BABF-18C6696B044B}.Debug|Any CPU.ActiveCfg = Debug|Any CPU
		{FBC1AB40-BB4C-41FC-BABF-18C6696B044B}.Debug|Any CPU.Build.0 = Debug|Any CPU
		{FBC1AB40-BB4C-41FC-BABF-18C6696B044B}.Release|Any CPU.ActiveCfg = Release|Any CPU
		{FBC1AB40-BB4C-41FC-BABF-18C6696B044B}.Release|Any CPU.Build.0 = Release|Any CPU
		{B360F35E-B605-4D75-92C8-7144131A61DE}.Debug|Any CPU.ActiveCfg = Debug|Any CPU
		{B360F35E-B605-4D75-92C8-7144131A61DE}.Debug|Any CPU.Build.0 = Debug|Any CPU
		{B360F35E-B605-4D75-92C8-7144131A61DE}.Release|Any CPU.ActiveCfg = Release|Any CPU
		{B360F35E-B605-4D75-92C8-7144131A61DE}.Release|Any CPU.Build.0 = Release|Any CPU
		{BD175C72-19CC-4BE9-BC56-F412D9438083}.Debug|Any CPU.ActiveCfg = Debug|Any CPU
		{BD175C72-19CC-4BE9-BC56-F412D9438083}.Debug|Any CPU.Build.0 = Debug|Any CPU
		{BD175C72-19CC-4BE9-BC56-F412D9438083}.Release|Any CPU.ActiveCfg = Release|Any CPU
		{BD175C72-19CC-4BE9-BC56-F412D9438083}.Release|Any CPU.Build.0 = Release|Any CPU
		{7C3A2660-80DE-4EC8-99BA-CB5CA7C4CCF6}.Debug|Any CPU.ActiveCfg = Debug|Any CPU
		{7C3A2660-80DE-4EC8-99BA-CB5CA7C4CCF6}.Debug|Any CPU.Build.0 = Debug|Any CPU
		{7C3A2660-80DE-4EC8-99BA-CB5CA7C4CCF6}.Release|Any CPU.ActiveCfg = Release|Any CPU
		{7C3A2660-80DE-4EC8-99BA-CB5CA7C4CCF6}.Release|Any CPU.Build.0 = Release|Any CPU
	EndGlobalSection
	GlobalSection(SolutionProperties) = preSolution
		HideSolutionNode = FALSE
	EndGlobalSection
	GlobalSection(ExtensibilityGlobals) = postSolution
		SolutionGuid = {BD037340-BE0F-42C8-9CAA-E266F08264F0}
	EndGlobalSection
EndGlobal
