
Microsoft Visual Studio Solution File, Format Version 12.00
# Visual Studio 15
VisualStudioVersion = 15.0.27703.2000
MinimumVisualStudioVersion = 10.0.40219.1
Project("{9A19103F-16F7-4668-BE54-9A1E7A4F7556}") = "PdfSharpCoreSample", "ConsoleApp1\PdfSharpCoreSample.csproj", "{2617DDB7-5751-4509-909F-29657E9DC63B}"
	ProjectSection(ProjectDependencies) = postProject
		{D7B8448E-7D19-414E-B1EA-81C2A1CE8775} = {D7B8448E-7D19-414E-B1EA-81C2A1CE8775}
		{7870CABB-D538-4C01-9D39-1D55AA893E40} = {7870CABB-D538-4C01-9D39-1D55AA893E40}
	EndProjectSection
EndProject
Project("{9A19103F-16F7-4668-BE54-9A1E7A4F7556}") = "MigraDocCore.DocumentObjectModel", "..\..\libraries\PdfSharpCore\MigraDocCore.DocumentObjectModel\MigraDocCore.DocumentObjectModel.csproj", "{D7B8448E-7D19-414E-B1EA-81C2A1CE8775}"
EndProject
Project("{9A19103F-16F7-4668-BE54-9A1E7A4F7556}") = "PdfSharpCore", "..\..\libraries\PdfSharpCore\PdfSharpCore\PdfSharpCore.csproj", "{7870CABB-D538-4C01-9D39-1D55AA893E40}"
EndProject
Project("{9A19103F-16F7-4668-BE54-9A1E7A4F7556}") = "MigraDocCore.Rendering", "..\..\libraries\PdfSharpCore\MigraDocCore.Rendering\MigraDocCore.Rendering.csproj", "{84D02BA3-5B5E-4E92-A413-1FD4CA53F13F}"
EndProject
Project("{9A19103F-16F7-4668-BE54-9A1E7A4F7556}") = "PdfSharpCore.Charting", "..\..\libraries\PdfSharpCore\PdfSharpCore.Charting\PdfSharpCore.Charting.csproj", "{383C6F10-78E6-47FE-9443-832E45358DAF}"
EndProject
Global
	GlobalSection(SolutionConfigurationPlatforms) = preSolution
		Debug|Any CPU = Debug|Any CPU
		Release|Any CPU = Release|Any CPU
	EndGlobalSection
	GlobalSection(ProjectConfigurationPlatforms) = postSolution
		{2617DDB7-5751-4509-909F-29657E9DC63B}.Debug|Any CPU.ActiveCfg = Debug|Any CPU
		{2617DDB7-5751-4509-909F-29657E9DC63B}.Debug|Any CPU.Build.0 = Debug|Any CPU
		{2617DDB7-5751-4509-909F-29657E9DC63B}.Release|Any CPU.ActiveCfg = Release|Any CPU
		{2617DDB7-5751-4509-909F-29657E9DC63B}.Release|Any CPU.Build.0 = Release|Any CPU
		{D7B8448E-7D19-414E-B1EA-81C2A1CE8775}.Debug|Any CPU.ActiveCfg = Debug|Any CPU
		{D7B8448E-7D19-414E-B1EA-81C2A1CE8775}.Debug|Any CPU.Build.0 = Debug|Any CPU
		{D7B8448E-7D19-414E-B1EA-81C2A1CE8775}.Release|Any CPU.ActiveCfg = Release|Any CPU
		{D7B8448E-7D19-414E-B1EA-81C2A1CE8775}.Release|Any CPU.Build.0 = Release|Any CPU
		{7870CABB-D538-4C01-9D39-1D55AA893E40}.Debug|Any CPU.ActiveCfg = Debug|Any CPU
		{7870CABB-D538-4C01-9D39-1D55AA893E40}.Debug|Any CPU.Build.0 = Debug|Any CPU
		{7870CABB-D538-4C01-9D39-1D55AA893E40}.Release|Any CPU.ActiveCfg = Release|Any CPU
		{7870CABB-D538-4C01-9D39-1D55AA893E40}.Release|Any CPU.Build.0 = Release|Any CPU
		{84D02BA3-5B5E-4E92-A413-1FD4CA53F13F}.Debug|Any CPU.ActiveCfg = Debug|Any CPU
		{84D02BA3-5B5E-4E92-A413-1FD4CA53F13F}.Debug|Any CPU.Build.0 = Debug|Any CPU
		{84D02BA3-5B5E-4E92-A413-1FD4CA53F13F}.Release|Any CPU.ActiveCfg = Release|Any CPU
		{84D02BA3-5B5E-4E92-A413-1FD4CA53F13F}.Release|Any CPU.Build.0 = Release|Any CPU
		{383C6F10-78E6-47FE-9443-832E45358DAF}.Debug|Any CPU.ActiveCfg = Debug|Any CPU
		{383C6F10-78E6-47FE-9443-832E45358DAF}.Debug|Any CPU.Build.0 = Debug|Any CPU
		{383C6F10-78E6-47FE-9443-832E45358DAF}.Release|Any CPU.ActiveCfg = Release|Any CPU
		{383C6F10-78E6-47FE-9443-832E45358DAF}.Release|Any CPU.Build.0 = Release|Any CPU
	EndGlobalSection
	GlobalSection(SolutionProperties) = preSolution
		HideSolutionNode = FALSE
	EndGlobalSection
	GlobalSection(ExtensibilityGlobals) = postSolution
		SolutionGuid = {BD037340-BE0F-42C8-9CAA-E266F08264F0}
	EndGlobalSection
EndGlobal
